
Microsoft Visual Studio Solution File, Format Version 12.00
# Visual Studio Version 17
VisualStudioVersion = 17.9.34728.123
MinimumVisualStudioVersion = 10.0.40219.1
Project("{FAE04EC0-301F-11D3-BF4B-00C04F79EFBC}") = "WpfApp1ForWebApplication1", "WpfApp1ForWebApplication1\WpfApp1ForWebApplication1.csproj", "{0CE1CE2D-4461-44A3-9274-1BCF7180D9E8}"
EndProject
Global
	GlobalSection(SolutionConfigurationPlatforms) = preSolution
		Debug|Any CPU = Debug|Any CPU
		Release|Any CPU = Release|Any CPU
	EndGlobalSection
	GlobalSection(ProjectConfigurationPlatforms) = postSolution
		{0CE1CE2D-4461-44A3-9274-1BCF7180D9E8}.Debug|Any CPU.ActiveCfg = Debug|Any CPU
		{0CE1CE2D-4461-44A3-9274-1BCF7180D9E8}.Debug|Any CPU.Build.0 = Debug|Any CPU
		{0CE1CE2D-4461-44A3-9274-1BCF7180D9E8}.Release|Any CPU.ActiveCfg = Release|Any CPU
		{0CE1CE2D-4461-44A3-9274-1BCF7180D9E8}.Release|Any CPU.Build.0 = Release|Any CPU
	EndGlobalSection
	GlobalSection(SolutionProperties) = preSolution
		HideSolutionNode = FALSE
	EndGlobalSection
	GlobalSection(ExtensibilityGlobals) = postSolution
		SolutionGuid = {6CE24203-DA6F-43BD-A098-3AF8C3818B52}
	EndGlobalSection
EndGlobal
